
Microsoft Visual Studio Solution File, Format Version 12.00
# Visual Studio Version 17
VisualStudioVersion = 17.8.34511.84
MinimumVisualStudioVersion = 10.0.40219.1
Project("{9A19103F-16F7-4668-BE54-9A1E7A4F7556}") = "ReqResIntegratedApplication.WebApi", "ReqResIntegratedApplication.WebApi.csproj", "{5D4030BD-DB61-46C9-97B5-4E05213D330D}"
EndProject
Project("{9A19103F-16F7-4668-BE54-9A1E7A4F7556}") = "ReqResIntegratedApplication.Integration", "..\ReqResIntegratedApplication.Integration\ReqResIntegratedApplication.Integration.csproj", "{6BD694EE-50A5-4BAC-91BB-EF7921A2CE92}"
EndProject
Global
	GlobalSection(SolutionConfigurationPlatforms) = preSolution
		Debug|Any CPU = Debug|Any CPU
		Release|Any CPU = Release|Any CPU
	EndGlobalSection
	GlobalSection(ProjectConfigurationPlatforms) = postSolution
		{5D4030BD-DB61-46C9-97B5-4E05213D330D}.Debug|Any CPU.ActiveCfg = Debug|Any CPU
		{5D4030BD-DB61-46C9-97B5-4E05213D330D}.Debug|Any CPU.Build.0 = Debug|Any CPU
		{5D4030BD-DB61-46C9-97B5-4E05213D330D}.Release|Any CPU.ActiveCfg = Release|Any CPU
		{5D4030BD-DB61-46C9-97B5-4E05213D330D}.Release|Any CPU.Build.0 = Release|Any CPU
		{6BD694EE-50A5-4BAC-91BB-EF7921A2CE92}.Debug|Any CPU.ActiveCfg = Debug|Any CPU
		{6BD694EE-50A5-4BAC-91BB-EF7921A2CE92}.Debug|Any CPU.Build.0 = Debug|Any CPU
		{6BD694EE-50A5-4BAC-91BB-EF7921A2CE92}.Release|Any CPU.ActiveCfg = Release|Any CPU
		{6BD694EE-50A5-4BAC-91BB-EF7921A2CE92}.Release|Any CPU.Build.0 = Release|Any CPU
	EndGlobalSection
	GlobalSection(SolutionProperties) = preSolution
		HideSolutionNode = FALSE
	EndGlobalSection
	GlobalSection(ExtensibilityGlobals) = postSolution
		SolutionGuid = {39970287-B204-4CCC-8E55-4C91621D8869}
	EndGlobalSection
EndGlobal
